
Microsoft Visual Studio Solution File, Format Version 12.00
# Visual Studio Version 17
VisualStudioVersion = 17.11.35219.272
MinimumVisualStudioVersion = 10.0.40219.1
Project("{FAE04EC0-301F-11D3-BF4B-00C04F79EFBC}") = "Dominio", "Dominio\Dominio.csproj", "{5D7EB4DB-95A9-43E8-8A52-7E8D7D1081A7}"
EndProject
Project("{FAE04EC0-301F-11D3-BF4B-00C04F79EFBC}") = "WebApp", "WebApp\WebApp.csproj", "{52605F9C-98F7-4581-BDCB-9115504177E4}"
EndProject
Global
	GlobalSection(SolutionConfigurationPlatforms) = preSolution
		Debug|Any CPU = Debug|Any CPU
		Release|Any CPU = Release|Any CPU
	EndGlobalSection
	GlobalSection(ProjectConfigurationPlatforms) = postSolution
		{5D7EB4DB-95A9-43E8-8A52-7E8D7D1081A7}.Debug|Any CPU.ActiveCfg = Debug|Any CPU
		{5D7EB4DB-95A9-43E8-8A52-7E8D7D1081A7}.Debug|Any CPU.Build.0 = Debug|Any CPU
		{5D7EB4DB-95A9-43E8-8A52-7E8D7D1081A7}.Release|Any CPU.ActiveCfg = Release|Any CPU
		{5D7EB4DB-95A9-43E8-8A52-7E8D7D1081A7}.Release|Any CPU.Build.0 = Release|Any CPU
		{52605F9C-98F7-4581-BDCB-9115504177E4}.Debug|Any CPU.ActiveCfg = Debug|Any CPU
		{52605F9C-98F7-4581-BDCB-9115504177E4}.Debug|Any CPU.Build.0 = Debug|Any CPU
		{52605F9C-98F7-4581-BDCB-9115504177E4}.Release|Any CPU.ActiveCfg = Release|Any CPU
		{52605F9C-98F7-4581-BDCB-9115504177E4}.Release|Any CPU.Build.0 = Release|Any CPU
	EndGlobalSection
	GlobalSection(SolutionProperties) = preSolution
		HideSolutionNode = FALSE
	EndGlobalSection
	GlobalSection(ExtensibilityGlobals) = postSolution
		SolutionGuid = {6451BD2D-6F80-4160-BC5D-4E693DE85760}
	EndGlobalSection
EndGlobal
